
Microsoft Visual Studio Solution File, Format Version 12.00
# Visual Studio 15
VisualStudioVersion = 15.0.26124.0
MinimumVisualStudioVersion = 15.0.26124.0
Project("{2150E333-8FDC-42A3-9474-1A3956D46DE8}") = "src", "src", "{7D1EDB9C-60D0-4D1C-8E2C-3D955C8C9D06}"
EndProject
Project("{FAE04EC0-301F-11D3-BF4B-00C04F79EFBC}") = "Api", "src\Api\Api.csproj", "{B7EF0E81-6BBC-46C3-B73C-DBEC25D5A89B}"
EndProject
Project("{FAE04EC0-301F-11D3-BF4B-00C04F79EFBC}") = "App", "src\App\App.csproj", "{9E121CD4-D354-4519-B3DE-F6038DCA1020}"
EndProject
Project("{FAE04EC0-301F-11D3-BF4B-00C04F79EFBC}") = "Core", "src\Core\Core.csproj", "{08326C7F-9E7D-43FE-931F-17C714EDC24F}"
EndProject
Project("{FAE04EC0-301F-11D3-BF4B-00C04F79EFBC}") = "Infraestructure", "src\Infraestructure\Infraestructure.csproj", "{F5CD42E4-DA64-4FCF-BB9C-C365B5BA4A19}"
EndProject
Project("{FAE04EC0-301F-11D3-BF4B-00C04F79EFBC}") = "Apitest", "src\Apitest\Apitest.csproj", "{1145A0C3-2A67-4A0C-8CE6-11B6B4BC3AF7}"
EndProject
Global
	GlobalSection(SolutionConfigurationPlatforms) = preSolution
		Debug|Any CPU = Debug|Any CPU
		Debug|x64 = Debug|x64
		Debug|x86 = Debug|x86
		Release|Any CPU = Release|Any CPU
		Release|x64 = Release|x64
		Release|x86 = Release|x86
	EndGlobalSection
	GlobalSection(SolutionProperties) = preSolution
		HideSolutionNode = FALSE
	EndGlobalSection
	GlobalSection(ProjectConfigurationPlatforms) = postSolution
		{B7EF0E81-6BBC-46C3-B73C-DBEC25D5A89B}.Debug|Any CPU.ActiveCfg = Debug|Any CPU
		{B7EF0E81-6BBC-46C3-B73C-DBEC25D5A89B}.Debug|Any CPU.Build.0 = Debug|Any CPU
		{B7EF0E81-6BBC-46C3-B73C-DBEC25D5A89B}.Debug|x64.ActiveCfg = Debug|Any CPU
		{B7EF0E81-6BBC-46C3-B73C-DBEC25D5A89B}.Debug|x64.Build.0 = Debug|Any CPU
		{B7EF0E81-6BBC-46C3-B73C-DBEC25D5A89B}.Debug|x86.ActiveCfg = Debug|Any CPU
		{B7EF0E81-6BBC-46C3-B73C-DBEC25D5A89B}.Debug|x86.Build.0 = Debug|Any CPU
		{B7EF0E81-6BBC-46C3-B73C-DBEC25D5A89B}.Release|Any CPU.ActiveCfg = Release|Any CPU
		{B7EF0E81-6BBC-46C3-B73C-DBEC25D5A89B}.Release|Any CPU.Build.0 = Release|Any CPU
		{B7EF0E81-6BBC-46C3-B73C-DBEC25D5A89B}.Release|x64.ActiveCfg = Release|Any CPU
		{B7EF0E81-6BBC-46C3-B73C-DBEC25D5A89B}.Release|x64.Build.0 = Release|Any CPU
		{B7EF0E81-6BBC-46C3-B73C-DBEC25D5A89B}.Release|x86.ActiveCfg = Release|Any CPU
		{B7EF0E81-6BBC-46C3-B73C-DBEC25D5A89B}.Release|x86.Build.0 = Release|Any CPU
		{9E121CD4-D354-4519-B3DE-F6038DCA1020}.Debug|Any CPU.ActiveCfg = Debug|Any CPU
		{9E121CD4-D354-4519-B3DE-F6038DCA1020}.Debug|Any CPU.Build.0 = Debug|Any CPU
		{9E121CD4-D354-4519-B3DE-F6038DCA1020}.Debug|x64.ActiveCfg = Debug|Any CPU
		{9E121CD4-D354-4519-B3DE-F6038DCA1020}.Debug|x64.Build.0 = Debug|Any CPU
		{9E121CD4-D354-4519-B3DE-F6038DCA1020}.Debug|x86.ActiveCfg = Debug|Any CPU
		{9E121CD4-D354-4519-B3DE-F6038DCA1020}.Debug|x86.Build.0 = Debug|Any CPU
		{9E121CD4-D354-4519-B3DE-F6038DCA1020}.Release|Any CPU.ActiveCfg = Release|Any CPU
		{9E121CD4-D354-4519-B3DE-F6038DCA1020}.Release|Any CPU.Build.0 = Release|Any CPU
		{9E121CD4-D354-4519-B3DE-F6038DCA1020}.Release|x64.ActiveCfg = Release|Any CPU
		{9E121CD4-D354-4519-B3DE-F6038DCA1020}.Release|x64.Build.0 = Release|Any CPU
		{9E121CD4-D354-4519-B3DE-F6038DCA1020}.Release|x86.ActiveCfg = Release|Any CPU
		{9E121CD4-D354-4519-B3DE-F6038DCA1020}.Release|x86.Build.0 = Release|Any CPU
		{08326C7F-9E7D-43FE-931F-17C714EDC24F}.Debug|Any CPU.ActiveCfg = Debug|Any CPU
		{08326C7F-9E7D-43FE-931F-17C714EDC24F}.Debug|Any CPU.Build.0 = Debug|Any CPU
		{08326C7F-9E7D-43FE-931F-17C714EDC24F}.Debug|x64.ActiveCfg = Debug|Any CPU
		{08326C7F-9E7D-43FE-931F-17C714EDC24F}.Debug|x64.Build.0 = Debug|Any CPU
		{08326C7F-9E7D-43FE-931F-17C714EDC24F}.Debug|x86.ActiveCfg = Debug|Any CPU
		{08326C7F-9E7D-43FE-931F-17C714EDC24F}.Debug|x86.Build.0 = Debug|Any CPU
		{08326C7F-9E7D-43FE-931F-17C714EDC24F}.Release|Any CPU.ActiveCfg = Release|Any CPU
		{08326C7F-9E7D-43FE-931F-17C714EDC24F}.Release|Any CPU.Build.0 = Release|Any CPU
		{08326C7F-9E7D-43FE-931F-17C714EDC24F}.Release|x64.ActiveCfg = Release|Any CPU
		{08326C7F-9E7D-43FE-931F-17C714EDC24F}.Release|x64.Build.0 = Release|Any CPU
		{08326C7F-9E7D-43FE-931F-17C714EDC24F}.Release|x86.ActiveCfg = Release|Any CPU
		{08326C7F-9E7D-43FE-931F-17C714EDC24F}.Release|x86.Build.0 = Release|Any CPU
		{F5CD42E4-DA64-4FCF-BB9C-C365B5BA4A19}.Debug|Any CPU.ActiveCfg = Debug|Any CPU
		{F5CD42E4-DA64-4FCF-BB9C-C365B5BA4A19}.Debug|Any CPU.Build.0 = Debug|Any CPU
		{F5CD42E4-DA64-4FCF-BB9C-C365B5BA4A19}.Debug|x64.ActiveCfg = Debug|Any CPU
		{F5CD42E4-DA64-4FCF-BB9C-C365B5BA4A19}.Debug|x64.Build.0 = Debug|Any CPU
		{F5CD42E4-DA64-4FCF-BB9C-C365B5BA4A19}.Debug|x86.ActiveCfg = Debug|Any CPU
		{F5CD42E4-DA64-4FCF-BB9C-C365B5BA4A19}.Debug|x86.Build.0 = Debug|Any CPU
		{F5CD42E4-DA64-4FCF-BB9C-C365B5BA4A19}.Release|Any CPU.ActiveCfg = Release|Any CPU
		{F5CD42E4-DA64-4FCF-BB9C-C365B5BA4A19}.Release|Any CPU.Build.0 = Release|Any CPU
		{F5CD42E4-DA64-4FCF-BB9C-C365B5BA4A19}.Release|x64.ActiveCfg = Release|Any CPU
		{F5CD42E4-DA64-4FCF-BB9C-C365B5BA4A19}.Release|x64.Build.0 = Release|Any CPU
		{F5CD42E4-DA64-4FCF-BB9C-C365B5BA4A19}.Release|x86.ActiveCfg = Release|Any CPU
		{F5CD42E4-DA64-4FCF-BB9C-C365B5BA4A19}.Release|x86.Build.0 = Release|Any CPU
		{1145A0C3-2A67-4A0C-8CE6-11B6B4BC3AF7}.Debug|Any CPU.ActiveCfg = Debug|Any CPU
		{1145A0C3-2A67-4A0C-8CE6-11B6B4BC3AF7}.Debug|Any CPU.Build.0 = Debug|Any CPU
		{1145A0C3-2A67-4A0C-8CE6-11B6B4BC3AF7}.Debug|x64.ActiveCfg = Debug|Any CPU
		{1145A0C3-2A67-4A0C-8CE6-11B6B4BC3AF7}.Debug|x64.Build.0 = Debug|Any CPU
		{1145A0C3-2A67-4A0C-8CE6-11B6B4BC3AF7}.Debug|x86.ActiveCfg = Debug|Any CPU
		{1145A0C3-2A67-4A0C-8CE6-11B6B4BC3AF7}.Debug|x86.Build.0 = Debug|Any CPU
		{1145A0C3-2A67-4A0C-8CE6-11B6B4BC3AF7}.Release|Any CPU.ActiveCfg = Release|Any CPU
		{1145A0C3-2A67-4A0C-8CE6-11B6B4BC3AF7}.Release|Any CPU.Build.0 = Release|Any CPU
		{1145A0C3-2A67-4A0C-8CE6-11B6B4BC3AF7}.Release|x64.ActiveCfg = Release|Any CPU
		{1145A0C3-2A67-4A0C-8CE6-11B6B4BC3AF7}.Release|x64.Build.0 = Release|Any CPU
		{1145A0C3-2A67-4A0C-8CE6-11B6B4BC3AF7}.Release|x86.ActiveCfg = Release|Any CPU
		{1145A0C3-2A67-4A0C-8CE6-11B6B4BC3AF7}.Release|x86.Build.0 = Release|Any CPU
	EndGlobalSection
	GlobalSection(NestedProjects) = preSolution
		{B7EF0E81-6BBC-46C3-B73C-DBEC25D5A89B} = {7D1EDB9C-60D0-4D1C-8E2C-3D955C8C9D06}
		{9E121CD4-D354-4519-B3DE-F6038DCA1020} = {7D1EDB9C-60D0-4D1C-8E2C-3D955C8C9D06}
		{08326C7F-9E7D-43FE-931F-17C714EDC24F} = {7D1EDB9C-60D0-4D1C-8E2C-3D955C8C9D06}
		{F5CD42E4-DA64-4FCF-BB9C-C365B5BA4A19} = {7D1EDB9C-60D0-4D1C-8E2C-3D955C8C9D06}
		{1145A0C3-2A67-4A0C-8CE6-11B6B4BC3AF7} = {7D1EDB9C-60D0-4D1C-8E2C-3D955C8C9D06}
	EndGlobalSection
EndGlobal
